
Microsoft Visual Studio Solution File, Format Version 12.00
# Visual Studio 2013
VisualStudioVersion = 12.0.31101.0
MinimumVisualStudioVersion = 10.0.40219.1
Project("{FAE04EC0-301F-11D3-BF4B-00C04F79EFBC}") = "Lab1", "Lab1\Lab1.csproj", "{331DA01E-E5BB-4445-9244-BFC8E92AD8A4}"
EndProject
Project("{FAE04EC0-301F-11D3-BF4B-00C04F79EFBC}") = "Lab2", "Lab2\Lab2.csproj", "{A8344234-385B-4968-BE3A-F18FEDBA3CBD}"
EndProject
Project("{FAE04EC0-301F-11D3-BF4B-00C04F79EFBC}") = "Lab3", "Lab3\Lab3.csproj", "{9316108D-B52B-4DA5-884F-1DE5FBE780A6}"
EndProject
Project("{FAE04EC0-301F-11D3-BF4B-00C04F79EFBC}") = "Brahistohrona", "Brahistohrona\Brahistohrona.csproj", "{8F45F3FF-0047-4395-BB05-E2F94927AC3B}"
EndProject
Global
	GlobalSection(SolutionConfigurationPlatforms) = preSolution
		Debug|Any CPU = Debug|Any CPU
		Release|Any CPU = Release|Any CPU
	EndGlobalSection
	GlobalSection(ProjectConfigurationPlatforms) = postSolution
		{331DA01E-E5BB-4445-9244-BFC8E92AD8A4}.Debug|Any CPU.ActiveCfg = Debug|Any CPU
		{331DA01E-E5BB-4445-9244-BFC8E92AD8A4}.Debug|Any CPU.Build.0 = Debug|Any CPU
		{331DA01E-E5BB-4445-9244-BFC8E92AD8A4}.Release|Any CPU.ActiveCfg = Release|Any CPU
		{331DA01E-E5BB-4445-9244-BFC8E92AD8A4}.Release|Any CPU.Build.0 = Release|Any CPU
		{A8344234-385B-4968-BE3A-F18FEDBA3CBD}.Debug|Any CPU.ActiveCfg = Debug|Any CPU
		{A8344234-385B-4968-BE3A-F18FEDBA3CBD}.Debug|Any CPU.Build.0 = Debug|Any CPU
		{A8344234-385B-4968-BE3A-F18FEDBA3CBD}.Release|Any CPU.ActiveCfg = Release|Any CPU
		{A8344234-385B-4968-BE3A-F18FEDBA3CBD}.Release|Any CPU.Build.0 = Release|Any CPU
		{9316108D-B52B-4DA5-884F-1DE5FBE780A6}.Debug|Any CPU.ActiveCfg = Debug|Any CPU
		{9316108D-B52B-4DA5-884F-1DE5FBE780A6}.Debug|Any CPU.Build.0 = Debug|Any CPU
		{9316108D-B52B-4DA5-884F-1DE5FBE780A6}.Release|Any CPU.ActiveCfg = Release|Any CPU
		{9316108D-B52B-4DA5-884F-1DE5FBE780A6}.Release|Any CPU.Build.0 = Release|Any CPU
		{8F45F3FF-0047-4395-BB05-E2F94927AC3B}.Debug|Any CPU.ActiveCfg = Debug|Any CPU
		{8F45F3FF-0047-4395-BB05-E2F94927AC3B}.Debug|Any CPU.Build.0 = Debug|Any CPU
		{8F45F3FF-0047-4395-BB05-E2F94927AC3B}.Release|Any CPU.ActiveCfg = Release|Any CPU
		{8F45F3FF-0047-4395-BB05-E2F94927AC3B}.Release|Any CPU.Build.0 = Release|Any CPU
	EndGlobalSection
	GlobalSection(SolutionProperties) = preSolution
		HideSolutionNode = FALSE
	EndGlobalSection
EndGlobal
